
Microsoft Visual Studio Solution File, Format Version 12.00
# Visual Studio Version 17
VisualStudioVersion = 17.13.35825.156
MinimumVisualStudioVersion = 10.0.40219.1
Project("{9A19103F-16F7-4668-BE54-9A1E7A4F7556}") = "GatewayAPI", "GatewayAPI\GatewayAPI.csproj", "{286C9A29-C547-4F6C-89DB-EF382B467B08}"
EndProject
Project("{9A19103F-16F7-4668-BE54-9A1E7A4F7556}") = "AuthenticationService", "AuthenticationService\AuthenticationService.csproj", "{F152F504-A46B-4C69-9269-0E185702510D}"
EndProject
Project("{9A19103F-16F7-4668-BE54-9A1E7A4F7556}") = "UserService", "UserService\UserService.csproj", "{08197888-5504-442E-965C-0A7DC3047181}"
EndProject
Project("{9A19103F-16F7-4668-BE54-9A1E7A4F7556}") = "DB", "DB\DB.csproj", "{9CAB7B5D-BD12-4D8B-8942-570226E2EF22}"
EndProject
Project("{2150E333-8FDC-42A3-9474-1A3956D46DE8}") = "Services", "Services", "{239AC471-126A-4028-ABF3-57494560428A}"
EndProject
Project("{9A19103F-16F7-4668-BE54-9A1E7A4F7556}") = "Common", "Common\Common.csproj", "{058F03FE-D27D-4125-B5A3-F80E7E77894E}"
EndProject
Project("{2150E333-8FDC-42A3-9474-1A3956D46DE8}") = "Utility", "Utility", "{208639CC-3E58-489D-ACBB-63AC54BE9180}"
EndProject
Project("{FAE04EC0-301F-11D3-BF4B-00C04F79EFBC}") = "MessageQueue", "MessageQueue\MessageQueue.csproj", "{61221310-B556-4D1A-A23E-60EA4605CF62}"
EndProject
Global
	GlobalSection(SolutionConfigurationPlatforms) = preSolution
		Debug|Any CPU = Debug|Any CPU
		Release|Any CPU = Release|Any CPU
	EndGlobalSection
	GlobalSection(ProjectConfigurationPlatforms) = postSolution
		{286C9A29-C547-4F6C-89DB-EF382B467B08}.Debug|Any CPU.ActiveCfg = Debug|Any CPU
		{286C9A29-C547-4F6C-89DB-EF382B467B08}.Debug|Any CPU.Build.0 = Debug|Any CPU
		{286C9A29-C547-4F6C-89DB-EF382B467B08}.Release|Any CPU.ActiveCfg = Release|Any CPU
		{286C9A29-C547-4F6C-89DB-EF382B467B08}.Release|Any CPU.Build.0 = Release|Any CPU
		{F152F504-A46B-4C69-9269-0E185702510D}.Debug|Any CPU.ActiveCfg = Debug|Any CPU
		{F152F504-A46B-4C69-9269-0E185702510D}.Debug|Any CPU.Build.0 = Debug|Any CPU
		{F152F504-A46B-4C69-9269-0E185702510D}.Release|Any CPU.ActiveCfg = Release|Any CPU
		{F152F504-A46B-4C69-9269-0E185702510D}.Release|Any CPU.Build.0 = Release|Any CPU
		{08197888-5504-442E-965C-0A7DC3047181}.Debug|Any CPU.ActiveCfg = Debug|Any CPU
		{08197888-5504-442E-965C-0A7DC3047181}.Debug|Any CPU.Build.0 = Debug|Any CPU
		{08197888-5504-442E-965C-0A7DC3047181}.Release|Any CPU.ActiveCfg = Release|Any CPU
		{08197888-5504-442E-965C-0A7DC3047181}.Release|Any CPU.Build.0 = Release|Any CPU
		{9CAB7B5D-BD12-4D8B-8942-570226E2EF22}.Debug|Any CPU.ActiveCfg = Debug|Any CPU
		{9CAB7B5D-BD12-4D8B-8942-570226E2EF22}.Debug|Any CPU.Build.0 = Debug|Any CPU
		{9CAB7B5D-BD12-4D8B-8942-570226E2EF22}.Release|Any CPU.ActiveCfg = Release|Any CPU
		{9CAB7B5D-BD12-4D8B-8942-570226E2EF22}.Release|Any CPU.Build.0 = Release|Any CPU
		{058F03FE-D27D-4125-B5A3-F80E7E77894E}.Debug|Any CPU.ActiveCfg = Debug|Any CPU
		{058F03FE-D27D-4125-B5A3-F80E7E77894E}.Debug|Any CPU.Build.0 = Debug|Any CPU
		{058F03FE-D27D-4125-B5A3-F80E7E77894E}.Release|Any CPU.ActiveCfg = Release|Any CPU
		{058F03FE-D27D-4125-B5A3-F80E7E77894E}.Release|Any CPU.Build.0 = Release|Any CPU
		{61221310-B556-4D1A-A23E-60EA4605CF62}.Debug|Any CPU.ActiveCfg = Debug|Any CPU
		{61221310-B556-4D1A-A23E-60EA4605CF62}.Debug|Any CPU.Build.0 = Debug|Any CPU
		{61221310-B556-4D1A-A23E-60EA4605CF62}.Release|Any CPU.ActiveCfg = Release|Any CPU
		{61221310-B556-4D1A-A23E-60EA4605CF62}.Release|Any CPU.Build.0 = Release|Any CPU
	EndGlobalSection
	GlobalSection(SolutionProperties) = preSolution
		HideSolutionNode = FALSE
	EndGlobalSection
	GlobalSection(NestedProjects) = preSolution
		{F152F504-A46B-4C69-9269-0E185702510D} = {239AC471-126A-4028-ABF3-57494560428A}
		{08197888-5504-442E-965C-0A7DC3047181} = {239AC471-126A-4028-ABF3-57494560428A}
		{058F03FE-D27D-4125-B5A3-F80E7E77894E} = {208639CC-3E58-489D-ACBB-63AC54BE9180}
	EndGlobalSection
	GlobalSection(ExtensibilityGlobals) = postSolution
		SolutionGuid = {13456978-BEC5-4A9E-BC79-66891AC68EFB}
	EndGlobalSection
EndGlobal
